PODS:
  - Capacitor (4.7.0):
    - CapacitorCordova
  - CapacitorCordova (4.7.0)
  - StripeTerminal (2.23.1)

DEPENDENCIES:
  - "Capacitor (from `../node_modules/@capacitor/ios`)"
  - "CapacitorCordova (from `../node_modules/@capacitor/ios`)"
  - StripeTerminal (~> 2.23.1)

SPEC REPOS:
  trunk:
    - StripeTerminal

EXTERNAL SOURCES:
  Capacitor:
    :path: "../node_modules/@capacitor/ios"
  CapacitorCordova:
    :path: "../node_modules/@capacitor/ios"

SPEC CHECKSUMS:
  Capacitor: 146dc340ebdf751fa1b999919e4423494c243d29
  CapacitorCordova: b9c6fdd02470c85e39baf9ae638260477a7f46f3
  StripeTerminal: 2a5e2cca803c6a0dac291cc494fe522c43ae632f

PODFILE CHECKSUM: c39d7c308dfcd1536d9006e882bfa03e140efaca

COCOAPODS: 1.12.1
