PODS:
  - Capacitor (4.7.0):
    - CapacitorCordova
  - CapacitorCordova (4.7.0)
  - StripeTerminal (2.23.2)

DEPENDENCIES:
  - "Capacitor (from `../node_modules/@capacitor/ios`)"
  - "CapacitorCordova (from `../node_modules/@capacitor/ios`)"
  - StripeTerminal (~> 2.23.2)

SPEC REPOS:
  trunk:
    - StripeTerminal

EXTERNAL SOURCES:
  Capacitor:
    :path: "../node_modules/@capacitor/ios"
  CapacitorCordova:
    :path: "../node_modules/@capacitor/ios"

SPEC CHECKSUMS:
  Capacitor: 146dc340ebdf751fa1b999919e4423494c243d29
  CapacitorCordova: b9c6fdd02470c85e39baf9ae638260477a7f46f3
  StripeTerminal: 77c47dcc178113ed85ad47540df92d61646877e3

PODFILE CHECKSUM: 5fa3b9e22c1e655df48e2e0ffb85346720bb2958

COCOAPODS: 1.14.3
